{
  "name": "Exercise2",
  "version": "1.0.0",
  "lockfileVersion": 3,
  "requires": true,
  "packages": {
    "": {
      "name": "Exercise2",
      "version": "1.0.0",
      "dependencies": {
        "Exercise2": "file:"
      }
    },
    "node_modules/Exercise2": {
      "resolved": "",
      "link": true
    }
  }
}
