{
  "name": "Exercise4",
  "version": "1.0.0",
  "lockfileVersion": 3,
  "requires": true,
  "packages": {
    "": {
      "name": "Exercise4",
      "version": "1.0.0",
      "dependencies": {
        "Exercise4": "file:"
      }
    },
    "node_modules/Exercise4": {
      "resolved": "",
      "link": true
    }
  }
}
